using System;
using System.Globalization;

namespace Exercicios01

{
    class Program
    {
        static void Main(string[] args)
        {

                int funcionarios, horas;
                double valorHora, salario;

                Console.WriteLine("Digite o número do funcionário: ");
                funcionarios = int.Parse(Console.ReadLine());


                Console.WriteLine("Digite o número de horas trabalhadas: ");
                horas = int.Parse(Console.ReadLine());


                Console.WriteLine("Digite o valor que recebe por hora: ");
                valorHora = double.Parse(Console.ReadLine(), CultureInfo.InvariantCulture);


                salario = valorHora * horas;
                Console.WriteLine("NUMBER = " + funcionarios);
                Console.WriteLine("SALARY = U$ " + salario.ToString("F2", CultureInfo.InvariantCulture));


        }
    }
}


